{
  "name": "chunk-rev-list",
  "version": "1.0.0",
  "lockfileVersion": 3,
  "requires": true,
  "packages": {
    "": {
      "name": "chunk-rev-list",
      "version": "1.0.0",
      "license": "ISC",
      "dependencies": {
        "@earthmover/icechunk": "^2.0.0-alpha.2"
      }
    },
    "node_modules/@earthmover/icechunk": {
      "version": "2.0.0-alpha.2",
      "resolved": "https://registry.npmjs.org/@earthmover/icechunk/-/icechunk-2.0.0-alpha.2.tgz",
      "integrity": "sha512-B45tAkndSZpCCXadnEmG1nOJM/qJ9zcj+wykQnhqUW5rLFXX1RvIfeRtwYr8ZJUPVwyyTMHD7v6BxoJ43aAd4Q==",
      "license": "Apache 2",
      "engines": {
        "node": ">= 12.22.0 < 13 || >= 14.17.0 < 15 || >= 15.12.0 < 16 || >= 16.0.0"
      },
      "optionalDependencies": {
        "@earthmover/icechunk-darwin-arm64": "2.0.0-alpha.2",
        "@earthmover/icechunk-linux-x64-gnu": "2.0.0-alpha.2",
        "@earthmover/icechunk-wasm32-wasi": "2.0.0-alpha.2",
        "@earthmover/icechunk-win32-x64-msvc": "2.0.0-alpha.2"
      }
    },
    "node_modules/@earthmover/icechunk-darwin-arm64": {
      "version": "2.0.0-alpha.2",
      "resolved": "https://registry.npmjs.org/@earthmover/icechunk-darwin-arm64/-/icechunk-darwin-arm64-2.0.0-alpha.2.tgz",
      "integrity": "sha512-40JFsJ+QTtwW0nmxZA6eaFX9y+ky/FO/q/TFXSZWDdtVJcIhi4EkthfKMh1I2QhQoYmrksRKRfoFvsPrM6G/Wg==",
      "cpu": [
        "arm64"
      ],
      "license": "Apache 2",
      "optional": true,
      "os": [
        "darwin"
      ],
      "engines": {
        "node": ">= 12.22.0 < 13 || >= 14.17.0 < 15 || >= 15.12.0 < 16 || >= 16.0.0"
      }
    },
    "node_modules/@earthmover/icechunk-linux-x64-gnu": {
      "version": "2.0.0-alpha.2",
      "resolved": "https://registry.npmjs.org/@earthmover/icechunk-linux-x64-gnu/-/icechunk-linux-x64-gnu-2.0.0-alpha.2.tgz",
      "integrity": "sha512-EBaFkD2DOFy4iZ2GlQwIVo3bnrwoXFHl1Lmvr3Vzs0FNPiq3s/ZFZNVIGTg4KhVeUxAnLeQYAXo2BF1nKlCxNQ==",
      "cpu": [
        "x64"
      ],
      "license": "Apache 2",
      "optional": true,
      "os": [
        "linux"
      ],
      "engines": {
        "node": ">= 12.22.0 < 13 || >= 14.17.0 < 15 || >= 15.12.0 < 16 || >= 16.0.0"
      }
    },
    "node_modules/@earthmover/icechunk-wasm32-wasi": {
      "version": "2.0.0-alpha.2",
      "resolved": "https://registry.npmjs.org/@earthmover/icechunk-wasm32-wasi/-/icechunk-wasm32-wasi-2.0.0-alpha.2.tgz",
      "integrity": "sha512-gOrHzBnZwxpnANYeRf7+5zsWAzq3c6gQAJyeMvt0U0odglppL+UPTaVRCgGxeQxDMNlfmHVkt91uWeNUfG6pUQ==",
      "cpu": [
        "wasm32"
      ],
      "license": "Apache 2",
      "optional": true,
      "dependencies": {
        "@napi-rs/wasm-runtime": "^1.1.1"
      },
      "engines": {
        "node": ">=14.0.0"
      }
    },
    "node_modules/@earthmover/icechunk-win32-x64-msvc": {
      "version": "2.0.0-alpha.2",
      "resolved": "https://registry.npmjs.org/@earthmover/icechunk-win32-x64-msvc/-/icechunk-win32-x64-msvc-2.0.0-alpha.2.tgz",
      "integrity": "sha512-zi0ZQiRxYC2x4hPzqlSwYcH10Lroxm4nmc2znN6MZuYlPYmdzsMiYRLYUysfiATgZqPXjshywjGYZsAA94pkfg==",
      "cpu": [
        "x64"
      ],
      "license": "Apache 2",
      "optional": true,
      "os": [
        "win32"
      ],
      "engines": {
        "node": ">= 12.22.0 < 13 || >= 14.17.0 < 15 || >= 15.12.0 < 16 || >= 16.0.0"
      }
    },
    "node_modules/@emnapi/core": {
      "version": "1.8.1",
      "resolved": "https://registry.npmjs.org/@emnapi/core/-/core-1.8.1.tgz",
      "integrity": "sha512-AvT9QFpxK0Zd8J0jopedNm+w/2fIzvtPKPjqyw9jwvBaReTTqPBk9Hixaz7KbjimP+QNz605/XnjFcDAL2pqBg==",
      "license": "MIT",
      "optional": true,
      "dependencies": {
        "@emnapi/wasi-threads": "1.1.0",
        "tslib": "^2.4.0"
      }
    },
    "node_modules/@emnapi/runtime": {
      "version": "1.8.1",
      "resolved": "https://registry.npmjs.org/@emnapi/runtime/-/runtime-1.8.1.tgz",
      "integrity": "sha512-mehfKSMWjjNol8659Z8KxEMrdSJDDot5SXMq00dM8BN4o+CLNXQ0xH2V7EchNHV4RmbZLmmPdEaXZc5H2FXmDg==",
      "license": "MIT",
      "optional": true,
      "dependencies": {
        "tslib": "^2.4.0"
      }
    },
    "node_modules/@emnapi/wasi-threads": {
      "version": "1.1.0",
      "resolved": "https://registry.npmjs.org/@emnapi/wasi-threads/-/wasi-threads-1.1.0.tgz",
      "integrity": "sha512-WI0DdZ8xFSbgMjR1sFsKABJ/C5OnRrjT06JXbZKexJGrDuPTzZdDYfFlsgcCXCyf+suG5QU2e/y1Wo2V/OapLQ==",
      "license": "MIT",
      "optional": true,
      "dependencies": {
        "tslib": "^2.4.0"
      }
    },
    "node_modules/@napi-rs/wasm-runtime": {
      "version": "1.1.1",
      "resolved": "https://registry.npmjs.org/@napi-rs/wasm-runtime/-/wasm-runtime-1.1.1.tgz",
      "integrity": "sha512-p64ah1M1ld8xjWv3qbvFwHiFVWrq1yFvV4f7w+mzaqiR4IlSgkqhcRdHwsGgomwzBH51sRY4NEowLxnaBjcW/A==",
      "license": "MIT",
      "optional": true,
      "dependencies": {
        "@emnapi/core": "^1.7.1",
        "@emnapi/runtime": "^1.7.1",
        "@tybys/wasm-util": "^0.10.1"
      },
      "funding": {
        "type": "github",
        "url": "https://github.com/sponsors/Brooooooklyn"
      }
    },
    "node_modules/@tybys/wasm-util": {
      "version": "0.10.1",
      "resolved": "https://registry.npmjs.org/@tybys/wasm-util/-/wasm-util-0.10.1.tgz",
      "integrity": "sha512-9tTaPJLSiejZKx+Bmog4uSubteqTvFrVrURwkmHixBo0G4seD0zUxp98E1DzUBJxLQ3NPwXrGKDiVjwx/DpPsg==",
      "license": "MIT",
      "optional": true,
      "dependencies": {
        "tslib": "^2.4.0"
      }
    },
    "node_modules/tslib": {
      "version": "2.8.1",
      "resolved": "https://registry.npmjs.org/tslib/-/tslib-2.8.1.tgz",
      "integrity": "sha512-oJFu94HQb+KVduSUQL7wnpmqnfmLsOA/nAh6b6EH0wCEoK0/mPeXU6c3wKDV83MkOuHPRHtSXKKU99IBazS/2w==",
      "license": "0BSD",
      "optional": true
    }
  }
}
