{
  "name": "chunk-rev-list",
  "version": "1.0.0",
  "lockfileVersion": 3,
  "requires": true,
  "packages": {
    "": {
      "name": "chunk-rev-list",
      "version": "1.0.0",
      "license": "ISC",
      "dependencies": {
        "@earthmover/icechunk": "^2.0.0-alpha.3"
      }
    },
    "node_modules/@earthmover/icechunk": {
      "version": "2.0.0-alpha.3",
      "resolved": "https://registry.npmjs.org/@earthmover/icechunk/-/icechunk-2.0.0-alpha.3.tgz",
      "integrity": "sha512-lTgL7dh7O8lqtS5g3oH2ajBREy+JmEwab/YKbmVdlEwAIPaUUh263vNCnlx9JLhaeIDYySG/sspOOrpLJW+QhA==",
      "license": "Apache 2",
      "engines": {
        "node": ">= 12.22.0 < 13 || >= 14.17.0 < 15 || >= 15.12.0 < 16 || >= 16.0.0"
      },
      "optionalDependencies": {
        "@earthmover/icechunk-darwin-arm64": "2.0.0-alpha.3",
        "@earthmover/icechunk-linux-x64-gnu": "2.0.0-alpha.3",
        "@earthmover/icechunk-wasm32-wasi": "2.0.0-alpha.3",
        "@earthmover/icechunk-win32-x64-msvc": "2.0.0-alpha.3"
      }
    },
    "node_modules/@earthmover/icechunk-darwin-arm64": {
      "version": "2.0.0-alpha.3",
      "resolved": "https://registry.npmjs.org/@earthmover/icechunk-darwin-arm64/-/icechunk-darwin-arm64-2.0.0-alpha.3.tgz",
      "integrity": "sha512-RwtWP0Sc8fkbldX9CsF9ZxHjZo5FKzfUN+CH488XL2vZgpOgvf8qoVihOMjIeNFN5VoGnWBe/xIC6iSWrRyhRg==",
      "cpu": [
        "arm64"
      ],
      "license": "Apache 2",
      "optional": true,
      "os": [
        "darwin"
      ],
      "engines": {
        "node": ">= 12.22.0 < 13 || >= 14.17.0 < 15 || >= 15.12.0 < 16 || >= 16.0.0"
      }
    },
    "node_modules/@earthmover/icechunk-linux-x64-gnu": {
      "version": "2.0.0-alpha.3",
      "resolved": "https://registry.npmjs.org/@earthmover/icechunk-linux-x64-gnu/-/icechunk-linux-x64-gnu-2.0.0-alpha.3.tgz",
      "integrity": "sha512-1m91Mm1ZZjmk7gpzULNWay0O+Z5+y37RhSHS1K356xOqp21EQiAlzA1z88JCCIHltLUUzvmbREn2XplAx/SrFA==",
      "cpu": [
        "x64"
      ],
      "license": "Apache 2",
      "optional": true,
      "os": [
        "linux"
      ],
      "engines": {
        "node": ">= 12.22.0 < 13 || >= 14.17.0 < 15 || >= 15.12.0 < 16 || >= 16.0.0"
      }
    },
    "node_modules/@earthmover/icechunk-wasm32-wasi": {
      "version": "2.0.0-alpha.3",
      "resolved": "https://registry.npmjs.org/@earthmover/icechunk-wasm32-wasi/-/icechunk-wasm32-wasi-2.0.0-alpha.3.tgz",
      "integrity": "sha512-o8DILaMZY9wEjIf2WLByEePrugy6rOOlJSGjZnivc270PAAXdFwRzkGYzPcpkyf4QcaGGIneNf3QruGEL0xKdA==",
      "cpu": [
        "wasm32"
      ],
      "license": "Apache 2",
      "optional": true,
      "dependencies": {
        "@napi-rs/wasm-runtime": "^1.1.1"
      },
      "engines": {
        "node": ">=14.0.0"
      }
    },
    "node_modules/@earthmover/icechunk-win32-x64-msvc": {
      "version": "2.0.0-alpha.3",
      "resolved": "https://registry.npmjs.org/@earthmover/icechunk-win32-x64-msvc/-/icechunk-win32-x64-msvc-2.0.0-alpha.3.tgz",
      "integrity": "sha512-Zkex3l+0lLnqziqiiI4qrpXvKfaSbdej9JkyiVR559fVn/bwKKKsslBHrhale355Kup1Lt9NynFep2C9irlk1A==",
      "cpu": [
        "x64"
      ],
      "license": "Apache 2",
      "optional": true,
      "os": [
        "win32"
      ],
      "engines": {
        "node": ">= 12.22.0 < 13 || >= 14.17.0 < 15 || >= 15.12.0 < 16 || >= 16.0.0"
      }
    },
    "node_modules/@emnapi/core": {
      "version": "1.8.1",
      "resolved": "https://registry.npmjs.org/@emnapi/core/-/core-1.8.1.tgz",
      "integrity": "sha512-AvT9QFpxK0Zd8J0jopedNm+w/2fIzvtPKPjqyw9jwvBaReTTqPBk9Hixaz7KbjimP+QNz605/XnjFcDAL2pqBg==",
      "license": "MIT",
      "optional": true,
      "dependencies": {
        "@emnapi/wasi-threads": "1.1.0",
        "tslib": "^2.4.0"
      }
    },
    "node_modules/@emnapi/runtime": {
      "version": "1.8.1",
      "resolved": "https://registry.npmjs.org/@emnapi/runtime/-/runtime-1.8.1.tgz",
      "integrity": "sha512-mehfKSMWjjNol8659Z8KxEMrdSJDDot5SXMq00dM8BN4o+CLNXQ0xH2V7EchNHV4RmbZLmmPdEaXZc5H2FXmDg==",
      "license": "MIT",
      "optional": true,
      "dependencies": {
        "tslib": "^2.4.0"
      }
    },
    "node_modules/@emnapi/wasi-threads": {
      "version": "1.1.0",
      "resolved": "https://registry.npmjs.org/@emnapi/wasi-threads/-/wasi-threads-1.1.0.tgz",
      "integrity": "sha512-WI0DdZ8xFSbgMjR1sFsKABJ/C5OnRrjT06JXbZKexJGrDuPTzZdDYfFlsgcCXCyf+suG5QU2e/y1Wo2V/OapLQ==",
      "license": "MIT",
      "optional": true,
      "dependencies": {
        "tslib": "^2.4.0"
      }
    },
    "node_modules/@napi-rs/wasm-runtime": {
      "version": "1.1.1",
      "resolved": "https://registry.npmjs.org/@napi-rs/wasm-runtime/-/wasm-runtime-1.1.1.tgz",
      "integrity": "sha512-p64ah1M1ld8xjWv3qbvFwHiFVWrq1yFvV4f7w+mzaqiR4IlSgkqhcRdHwsGgomwzBH51sRY4NEowLxnaBjcW/A==",
      "license": "MIT",
      "optional": true,
      "dependencies": {
        "@emnapi/core": "^1.7.1",
        "@emnapi/runtime": "^1.7.1",
        "@tybys/wasm-util": "^0.10.1"
      },
      "funding": {
        "type": "github",
        "url": "https://github.com/sponsors/Brooooooklyn"
      }
    },
    "node_modules/@tybys/wasm-util": {
      "version": "0.10.1",
      "resolved": "https://registry.npmjs.org/@tybys/wasm-util/-/wasm-util-0.10.1.tgz",
      "integrity": "sha512-9tTaPJLSiejZKx+Bmog4uSubteqTvFrVrURwkmHixBo0G4seD0zUxp98E1DzUBJxLQ3NPwXrGKDiVjwx/DpPsg==",
      "license": "MIT",
      "optional": true,
      "dependencies": {
        "tslib": "^2.4.0"
      }
    },
    "node_modules/tslib": {
      "version": "2.8.1",
      "resolved": "https://registry.npmjs.org/tslib/-/tslib-2.8.1.tgz",
      "integrity": "sha512-oJFu94HQb+KVduSUQL7wnpmqnfmLsOA/nAh6b6EH0wCEoK0/mPeXU6c3wKDV83MkOuHPRHtSXKKU99IBazS/2w==",
      "license": "0BSD",
      "optional": true
    }
  }
}
