{
  "name": "chunk-rev-list",
  "version": "1.0.0",
  "lockfileVersion": 3,
  "requires": true,
  "packages": {
    "": {
      "name": "chunk-rev-list",
      "version": "1.0.0",
      "license": "ISC",
      "dependencies": {
        "@earthmover/icechunk": "^2.0.0-alpha.11"
      }
    },
    "node_modules/@earthmover/icechunk": {
      "version": "2.0.0-alpha.11",
      "resolved": "https://registry.npmjs.org/@earthmover/icechunk/-/icechunk-2.0.0-alpha.11.tgz",
      "integrity": "sha512-erUhkqWW2pOmc6fzvnsgq2Gf71+Vi+J/MAeWjDoMigT+c7csaExJ6uvV6Ulpg/FNkso2E2nUHF75qNixfnNmDQ==",
      "license": "Apache 2",
      "engines": {
        "node": ">= 12.22.0 < 13 || >= 14.17.0 < 15 || >= 15.12.0 < 16 || >= 16.0.0"
      },
      "optionalDependencies": {
        "@earthmover/icechunk-darwin-arm64": "2.0.0-alpha.11",
        "@earthmover/icechunk-linux-x64-gnu": "2.0.0-alpha.11",
        "@earthmover/icechunk-wasm32-wasi": "2.0.0-alpha.11",
        "@earthmover/icechunk-win32-x64-msvc": "2.0.0-alpha.11"
      }
    },
    "node_modules/@earthmover/icechunk-darwin-arm64": {
      "version": "2.0.0-alpha.11",
      "resolved": "https://registry.npmjs.org/@earthmover/icechunk-darwin-arm64/-/icechunk-darwin-arm64-2.0.0-alpha.11.tgz",
      "integrity": "sha512-e+hBIwMa4BVp1BuHoivC7x0V8WAeQh1Nd86dA1gXH31zxwNqtlWuUD9qNm6aQaxLD32fcWkSCQxG0PPYmDn7zw==",
      "cpu": [
        "arm64"
      ],
      "license": "Apache 2",
      "optional": true,
      "os": [
        "darwin"
      ],
      "engines": {
        "node": ">= 12.22.0 < 13 || >= 14.17.0 < 15 || >= 15.12.0 < 16 || >= 16.0.0"
      }
    },
    "node_modules/@earthmover/icechunk-linux-x64-gnu": {
      "version": "2.0.0-alpha.11",
      "resolved": "https://registry.npmjs.org/@earthmover/icechunk-linux-x64-gnu/-/icechunk-linux-x64-gnu-2.0.0-alpha.11.tgz",
      "integrity": "sha512-SmbEM6/woDmwETl2VLjrkaz3PcD1AsTmP+CqURho+8wiZdMIed/BS2MQWsOiFQpy7XRvwOwifFR0V6L7PMczcA==",
      "cpu": [
        "x64"
      ],
      "license": "Apache 2",
      "optional": true,
      "os": [
        "linux"
      ],
      "engines": {
        "node": ">= 12.22.0 < 13 || >= 14.17.0 < 15 || >= 15.12.0 < 16 || >= 16.0.0"
      }
    },
    "node_modules/@earthmover/icechunk-wasm32-wasi": {
      "version": "2.0.0-alpha.11",
      "resolved": "https://registry.npmjs.org/@earthmover/icechunk-wasm32-wasi/-/icechunk-wasm32-wasi-2.0.0-alpha.11.tgz",
      "integrity": "sha512-y4yUiTRS1L6KDlHjjeE2slttUe8KDnrQln8Yu+xZr/NNSm9IbbiOJGsPPqVnERnS3BGMvzoDaCMT8UwOPDGARA==",
      "cpu": [
        "wasm32"
      ],
      "license": "Apache 2",
      "optional": true,
      "dependencies": {
        "@napi-rs/wasm-runtime": "^1.1.2"
      },
      "engines": {
        "node": ">=14.0.0"
      }
    },
    "node_modules/@earthmover/icechunk-win32-x64-msvc": {
      "version": "2.0.0-alpha.11",
      "resolved": "https://registry.npmjs.org/@earthmover/icechunk-win32-x64-msvc/-/icechunk-win32-x64-msvc-2.0.0-alpha.11.tgz",
      "integrity": "sha512-k448Vw6iA3OzBKra52s1QhxH0Ml41txGccfZupEsEh3W+LfZifmEksQU5ubFBWehRAAal0Nq1GJ4aHYzA/Jz8w==",
      "cpu": [
        "x64"
      ],
      "license": "Apache 2",
      "optional": true,
      "os": [
        "win32"
      ],
      "engines": {
        "node": ">= 12.22.0 < 13 || >= 14.17.0 < 15 || >= 15.12.0 < 16 || >= 16.0.0"
      }
    },
    "node_modules/@emnapi/core": {
      "version": "1.9.2",
      "resolved": "https://registry.npmjs.org/@emnapi/core/-/core-1.9.2.tgz",
      "integrity": "sha512-UC+ZhH3XtczQYfOlu3lNEkdW/p4dsJ1r/bP7H8+rhao3TTTMO1ATq/4DdIi23XuGoFY+Cz0JmCbdVl0hz9jZcA==",
      "license": "MIT",
      "optional": true,
      "peer": true,
      "dependencies": {
        "@emnapi/wasi-threads": "1.2.1",
        "tslib": "^2.4.0"
      }
    },
    "node_modules/@emnapi/runtime": {
      "version": "1.9.2",
      "resolved": "https://registry.npmjs.org/@emnapi/runtime/-/runtime-1.9.2.tgz",
      "integrity": "sha512-3U4+MIWHImeyu1wnmVygh5WlgfYDtyf0k8AbLhMFxOipihf6nrWC4syIm/SwEeec0mNSafiiNnMJwbza/Is6Lw==",
      "license": "MIT",
      "optional": true,
      "peer": true,
      "dependencies": {
        "tslib": "^2.4.0"
      }
    },
    "node_modules/@emnapi/wasi-threads": {
      "version": "1.2.1",
      "resolved": "https://registry.npmjs.org/@emnapi/wasi-threads/-/wasi-threads-1.2.1.tgz",
      "integrity": "sha512-uTII7OYF+/Mes/MrcIOYp5yOtSMLBWSIoLPpcgwipoiKbli6k322tcoFsxoIIxPDqW01SQGAgko4EzZi2BNv2w==",
      "license": "MIT",
      "optional": true,
      "peer": true,
      "dependencies": {
        "tslib": "^2.4.0"
      }
    },
    "node_modules/@napi-rs/wasm-runtime": {
      "version": "1.1.2",
      "resolved": "https://registry.npmjs.org/@napi-rs/wasm-runtime/-/wasm-runtime-1.1.2.tgz",
      "integrity": "sha512-sNXv5oLJ7ob93xkZ1XnxisYhGYXfaG9f65/ZgYuAu3qt7b3NadcOEhLvx28hv31PgX8SZJRYrAIPQilQmFpLVw==",
      "license": "MIT",
      "optional": true,
      "dependencies": {
        "@tybys/wasm-util": "^0.10.1"
      },
      "funding": {
        "type": "github",
        "url": "https://github.com/sponsors/Brooooooklyn"
      },
      "peerDependencies": {
        "@emnapi/core": "^1.7.1",
        "@emnapi/runtime": "^1.7.1"
      }
    },
    "node_modules/@tybys/wasm-util": {
      "version": "0.10.1",
      "resolved": "https://registry.npmjs.org/@tybys/wasm-util/-/wasm-util-0.10.1.tgz",
      "integrity": "sha512-9tTaPJLSiejZKx+Bmog4uSubteqTvFrVrURwkmHixBo0G4seD0zUxp98E1DzUBJxLQ3NPwXrGKDiVjwx/DpPsg==",
      "license": "MIT",
      "optional": true,
      "dependencies": {
        "tslib": "^2.4.0"
      }
    },
    "node_modules/tslib": {
      "version": "2.8.1",
      "resolved": "https://registry.npmjs.org/tslib/-/tslib-2.8.1.tgz",
      "integrity": "sha512-oJFu94HQb+KVduSUQL7wnpmqnfmLsOA/nAh6b6EH0wCEoK0/mPeXU6c3wKDV83MkOuHPRHtSXKKU99IBazS/2w==",
      "license": "0BSD",
      "optional": true
    }
  }
}
