{
  "name": "chunk-rev-list",
  "version": "1.0.0",
  "lockfileVersion": 3,
  "requires": true,
  "packages": {
    "": {
      "name": "chunk-rev-list",
      "version": "1.0.0",
      "license": "ISC",
      "dependencies": {
        "@earthmover/icechunk": "file:../.."
      }
    },
    "../..": {
      "name": "@earthmover/icechunk",
      "version": "2.0.0-alpha.11",
      "license": "Apache 2",
      "devDependencies": {
        "@emnapi/core": "^1.8.1",
        "@emnapi/runtime": "^1.8.1",
        "@napi-rs/cli": "^3.2.0",
        "@napi-rs/wasm-runtime": "^1.1.1",
        "@oxc-node/core": "^0.0.35",
        "@taplo/cli": "^0.7.0",
        "@tybys/wasm-util": "^0.10.1",
        "ava": "^6.4.1",
        "chalk": "^5.6.2",
        "husky": "^9.1.7",
        "lint-staged": "^16.1.6",
        "npm-run-all2": "^8.0.4",
        "oxlint": "^1.14.0",
        "prettier": "^3.6.2",
        "tinybench": "^6.0.0",
        "typescript": "^5.9.2"
      },
      "engines": {
        "node": ">= 12.22.0 < 13 || >= 14.17.0 < 15 || >= 15.12.0 < 16 || >= 16.0.0"
      }
    },
    "node_modules/@earthmover/icechunk": {
      "resolved": "../..",
      "link": true
    }
  }
}
